
Microsoft Visual Studio Solution File, Format Version 12.00
# Visual Studio Version 17
VisualStudioVersion = 17.5.33530.505
MinimumVisualStudioVersion = 10.0.40219.1
Project("{8BC9CEB8-8B4A-11D0-8D11-00A0C91BC942}") = "FISSYAYEAHTU", "FISSYAYEAHTU.vcxproj", "{584CC724-1098-4409-9383-156574E49F18}"
EndProject
Global
	GlobalSection(SolutionConfigurationPlatforms) = preSolution
		Debug|x64 = Debug|x64
		Debug|x86 = Debug|x86
		Release|x64 = Release|x64
		Release|x86 = Release|x86
	EndGlobalSection
	GlobalSection(ProjectConfigurationPlatforms) = postSolution
		{584CC724-1098-4409-9383-156574E49F18}.Debug|x64.ActiveCfg = Debug|x64
		{584CC724-1098-4409-9383-156574E49F18}.Debug|x64.Build.0 = Debug|x64
		{584CC724-1098-4409-9383-156574E49F18}.Debug|x86.ActiveCfg = Debug|Win32
		{584CC724-1098-4409-9383-156574E49F18}.Debug|x86.Build.0 = Debug|Win32
		{584CC724-1098-4409-9383-156574E49F18}.Release|x64.ActiveCfg = Release|x64
		{584CC724-1098-4409-9383-156574E49F18}.Release|x64.Build.0 = Release|x64
		{584CC724-1098-4409-9383-156574E49F18}.Release|x86.ActiveCfg = Release|Win32
		{584CC724-1098-4409-9383-156574E49F18}.Release|x86.Build.0 = Release|Win32
	EndGlobalSection
	GlobalSection(SolutionProperties) = preSolution
		HideSolutionNode = FALSE
	EndGlobalSection
	GlobalSection(ExtensibilityGlobals) = postSolution
		SolutionGuid = {B7834907-ECF0-4D21-A4BC-941AA702C2A2}
	EndGlobalSection
EndGlobal
